
Microsoft Visual Studio Solution File, Format Version 12.00
# Visual Studio Version 17
VisualStudioVersion = 17.0.32014.148
MinimumVisualStudioVersion = 10.0.40219.1
Project("{8BC9CEB8-8B4A-11D0-8D11-00A0C91BC942}") = "Project2", "Project2\Project2.vcxproj", "{45EA5F88-1164-4DA3-A146-AAFE44B30600}"
EndProject
Global
	GlobalSection(SolutionConfigurationPlatforms) = preSolution
		Debug|x64 = Debug|x64
		Debug|x86 = Debug|x86
		Release|x64 = Release|x64
		Release|x86 = Release|x86
	EndGlobalSection
	GlobalSection(ProjectConfigurationPlatforms) = postSolution
		{45EA5F88-1164-4DA3-A146-AAFE44B30600}.Debug|x64.ActiveCfg = Debug|x64
		{45EA5F88-1164-4DA3-A146-AAFE44B30600}.Debug|x64.Build.0 = Debug|x64
		{45EA5F88-1164-4DA3-A146-AAFE44B30600}.Debug|x86.ActiveCfg = Debug|Win32
		{45EA5F88-1164-4DA3-A146-AAFE44B30600}.Debug|x86.Build.0 = Debug|Win32
		{45EA5F88-1164-4DA3-A146-AAFE44B30600}.Release|x64.ActiveCfg = Release|x64
		{45EA5F88-1164-4DA3-A146-AAFE44B30600}.Release|x64.Build.0 = Release|x64
		{45EA5F88-1164-4DA3-A146-AAFE44B30600}.Release|x86.ActiveCfg = Release|Win32
		{45EA5F88-1164-4DA3-A146-AAFE44B30600}.Release|x86.Build.0 = Release|Win32
	EndGlobalSection
	GlobalSection(SolutionProperties) = preSolution
		HideSolutionNode = FALSE
	EndGlobalSection
	GlobalSection(ExtensibilityGlobals) = postSolution
		SolutionGuid = {56A2F1A4-12BA-4D56-A92F-C12FED7CE737}
	EndGlobalSection
EndGlobal
